{
  "name": "remus",
  "version": "0.0.1",
  "lockfileVersion": 3,
  "requires": true,
  "packages": {
    "": {
      "name": "remus",
      "version": "0.0.1",
      "dependencies": {
        "fraction.js": "^4.0.13",
        "jquery": "^3.5.1",
        "svg.js": "^2.7.1",
        "underscore": "^1.12.0",
        "xml2js": "^0.4.23"
      }
    },
    "node_modules/fraction.js": {
      "version": "4.0.13",
      "license": "MIT OR GPL-2.0-or-later",
      "engines": {
        "node": "*"
      }
    },
    "node_modules/jquery": {
      "version": "3.5.1",
      "license": "MIT"
    },
    "node_modules/sax": {
      "version": "1.2.4",
      "license": "ISC"
    },
    "node_modules/svg.js": {
      "version": "2.7.1",
      "license": "MIT"
    },
    "node_modules/underscore": {
      "version": "1.12.0",
      "license": "MIT"
    },
    "node_modules/xml2js": {
      "version": "0.4.23",
      "resolved": "https://registry.npmjs.org/xml2js/-/xml2js-0.4.23.tgz",
      "integrity": "sha512-ySPiMjM0+pLDftHgXY4By0uswI3SPKLDw/i3UXbnO8M/p28zqexCUoPmQFrYD+/1BzhGJSs2i1ERWKJAtiLrug==",
      "license": "MIT",
      "dependencies": {
        "sax": ">=0.6.0",
        "xmlbuilder": "~11.0.0"
      },
      "engines": {
        "node": ">=4.0.0"
      }
    },
    "node_modules/xmlbuilder": {
      "version": "11.0.1",
      "resolved": "https://registry.npmjs.org/xmlbuilder/-/xmlbuilder-11.0.1.tgz",
      "integrity": "sha512-fDlsI/kFEx7gLvbecc0/ohLG50fugQp8ryHzMTuW9vSa1GJ0XYWKnhsUx7oie3G98+r56aTQIUB4kht42R3JvA==",
      "license": "MIT",
      "engines": {
        "node": ">=4.0"
      }
    }
  }
}
